
Microsoft Visual Studio Solution File, Format Version 12.00
# Visual Studio Version 16
VisualStudioVersion = 16.0.33927.289
MinimumVisualStudioVersion = 10.0.40219.1
Project("{FAE04EC0-301F-11D3-BF4B-00C04F79EFBC}") = "HomeApplication.UWP", "HomeApplication\HomeApplication.UWP\HomeApplication.UWP.csproj", "{A81B58C2-D09F-4977-9FF3-AC16061BF316}"
EndProject
Project("{FAE04EC0-301F-11D3-BF4B-00C04F79EFBC}") = "HomeApplication.Android", "HomeApplication\HomeApplication.Android\HomeApplication.Android.csproj", "{3E73424B-6274-4CFF-AF9F-80D5223571B3}"
EndProject
Project("{FAE04EC0-301F-11D3-BF4B-00C04F79EFBC}") = "HomeApplication.iOS", "HomeApplication\HomeApplication.iOS\HomeApplication.iOS.csproj", "{7571244A-E63D-439F-A431-B3EA66C3280D}"
EndProject
Project("{FAE04EC0-301F-11D3-BF4B-00C04F79EFBC}") = "HomeApplication", "HomeApplication\HomeApplication\HomeApplication.csproj", "{A0E51900-8204-4700-A613-A8089DE5DFBB}"
EndProject
Global
	GlobalSection(SolutionConfigurationPlatforms) = preSolution
		Debug|Any CPU = Debug|Any CPU
		Debug|ARM = Debug|ARM
		Debug|iPhone = Debug|iPhone
		Debug|iPhoneSimulator = Debug|iPhoneSimulator
		Debug|x64 = Debug|x64
		Debug|x86 = Debug|x86
		Release|Any CPU = Release|Any CPU
		Release|ARM = Release|ARM
		Release|iPhone = Release|iPhone
		Release|iPhoneSimulator = Release|iPhoneSimulator
		Release|x64 = Release|x64
		Release|x86 = Release|x86
	EndGlobalSection
	GlobalSection(ProjectConfigurationPlatforms) = postSolution
		{A81B58C2-D09F-4977-9FF3-AC16061BF316}.Debug|Any CPU.ActiveCfg = Debug|x86
		{A81B58C2-D09F-4977-9FF3-AC16061BF316}.Debug|Any CPU.Build.0 = Debug|x86
		{A81B58C2-D09F-4977-9FF3-AC16061BF316}.Debug|Any CPU.Deploy.0 = Debug|x86
		{A81B58C2-D09F-4977-9FF3-AC16061BF316}.Debug|ARM.ActiveCfg = Debug|ARM
		{A81B58C2-D09F-4977-9FF3-AC16061BF316}.Debug|ARM.Build.0 = Debug|ARM
		{A81B58C2-D09F-4977-9FF3-AC16061BF316}.Debug|ARM.Deploy.0 = Debug|ARM
		{A81B58C2-D09F-4977-9FF3-AC16061BF316}.Debug|iPhone.ActiveCfg = Debug|x86
		{A81B58C2-D09F-4977-9FF3-AC16061BF316}.Debug|iPhone.Build.0 = Debug|x86
		{A81B58C2-D09F-4977-9FF3-AC16061BF316}.Debug|iPhone.Deploy.0 = Debug|x86
		{A81B58C2-D09F-4977-9FF3-AC16061BF316}.Debug|iPhoneSimulator.ActiveCfg = Debug|x86
		{A81B58C2-D09F-4977-9FF3-AC16061BF316}.Debug|iPhoneSimulator.Build.0 = Debug|x86
		{A81B58C2-D09F-4977-9FF3-AC16061BF316}.Debug|iPhoneSimulator.Deploy.0 = Debug|x86
		{A81B58C2-D09F-4977-9FF3-AC16061BF316}.Debug|x64.ActiveCfg = Debug|x64
		{A81B58C2-D09F-4977-9FF3-AC16061BF316}.Debug|x64.Build.0 = Debug|x64
		{A81B58C2-D09F-4977-9FF3-AC16061BF316}.Debug|x64.Deploy.0 = Debug|x64
		{A81B58C2-D09F-4977-9FF3-AC16061BF316}.Debug|x86.ActiveCfg = Debug|x86
		{A81B58C2-D09F-4977-9FF3-AC16061BF316}.Debug|x86.Build.0 = Debug|x86
		{A81B58C2-D09F-4977-9FF3-AC16061BF316}.Debug|x86.Deploy.0 = Debug|x86
		{A81B58C2-D09F-4977-9FF3-AC16061BF316}.Release|Any CPU.ActiveCfg = Release|x86
		{A81B58C2-D09F-4977-9FF3-AC16061BF316}.Release|Any CPU.Build.0 = Release|x86
		{A81B58C2-D09F-4977-9FF3-AC16061BF316}.Release|Any CPU.Deploy.0 = Release|x86
		{A81B58C2-D09F-4977-9FF3-AC16061BF316}.Release|ARM.ActiveCfg = Release|ARM
		{A81B58C2-D09F-4977-9FF3-AC16061BF316}.Release|ARM.Build.0 = Release|ARM
		{A81B58C2-D09F-4977-9FF3-AC16061BF316}.Release|ARM.Deploy.0 = Release|ARM
		{A81B58C2-D09F-4977-9FF3-AC16061BF316}.Release|iPhone.ActiveCfg = Release|x86
		{A81B58C2-D09F-4977-9FF3-AC16061BF316}.Release|iPhone.Build.0 = Release|x86
		{A81B58C2-D09F-4977-9FF3-AC16061BF316}.Release|iPhone.Deploy.0 = Release|x86
		{A81B58C2-D09F-4977-9FF3-AC16061BF316}.Release|iPhoneSimulator.ActiveCfg = Release|x86
		{A81B58C2-D09F-4977-9FF3-AC16061BF316}.Release|iPhoneSimulator.Build.0 = Release|x86
		{A81B58C2-D09F-4977-9FF3-AC16061BF316}.Release|iPhoneSimulator.Deploy.0 = Release|x86
		{A81B58C2-D09F-4977-9FF3-AC16061BF316}.Release|x64.ActiveCfg = Release|x64
		{A81B58C2-D09F-4977-9FF3-AC16061BF316}.Release|x64.Build.0 = Release|x64
		{A81B58C2-D09F-4977-9FF3-AC16061BF316}.Release|x64.Deploy.0 = Release|x64
		{A81B58C2-D09F-4977-9FF3-AC16061BF316}.Release|x86.ActiveCfg = Release|x86
		{A81B58C2-D09F-4977-9FF3-AC16061BF316}.Release|x86.Build.0 = Release|x86
		{A81B58C2-D09F-4977-9FF3-AC16061BF316}.Release|x86.Deploy.0 = Release|x86
		{3E73424B-6274-4CFF-AF9F-80D5223571B3}.Debug|Any CPU.ActiveCfg = Debug|Any CPU
		{3E73424B-6274-4CFF-AF9F-80D5223571B3}.Debug|Any CPU.Build.0 = Debug|Any CPU
		{3E73424B-6274-4CFF-AF9F-80D5223571B3}.Debug|Any CPU.Deploy.0 = Debug|Any CPU
		{3E73424B-6274-4CFF-AF9F-80D5223571B3}.Debug|ARM.ActiveCfg = Debug|Any CPU
		{3E73424B-6274-4CFF-AF9F-80D5223571B3}.Debug|ARM.Build.0 = Debug|Any CPU
		{3E73424B-6274-4CFF-AF9F-80D5223571B3}.Debug|ARM.Deploy.0 = Debug|Any CPU
		{3E73424B-6274-4CFF-AF9F-80D5223571B3}.Debug|iPhone.ActiveCfg = Debug|Any CPU
		{3E73424B-6274-4CFF-AF9F-80D5223571B3}.Debug|iPhone.Build.0 = Debug|Any CPU
		{3E73424B-6274-4CFF-AF9F-80D5223571B3}.Debug|iPhone.Deploy.0 = Debug|Any CPU
		{3E73424B-6274-4CFF-AF9F-80D5223571B3}.Debug|iPhoneSimulator.ActiveCfg = Debug|Any CPU
		{3E73424B-6274-4CFF-AF9F-80D5223571B3}.Debug|iPhoneSimulator.Build.0 = Debug|Any CPU
		{3E73424B-6274-4CFF-AF9F-80D5223571B3}.Debug|iPhoneSimulator.Deploy.0 = Debug|Any CPU
		{3E73424B-6274-4CFF-AF9F-80D5223571B3}.Debug|x64.ActiveCfg = Debug|Any CPU
		{3E73424B-6274-4CFF-AF9F-80D5223571B3}.Debug|x64.Build.0 = Debug|Any CPU
		{3E73424B-6274-4CFF-AF9F-80D5223571B3}.Debug|x64.Deploy.0 = Debug|Any CPU
		{3E73424B-6274-4CFF-AF9F-80D5223571B3}.Debug|x86.ActiveCfg = Debug|Any CPU
		{3E73424B-6274-4CFF-AF9F-80D5223571B3}.Debug|x86.Build.0 = Debug|Any CPU
		{3E73424B-6274-4CFF-AF9F-80D5223571B3}.Debug|x86.Deploy.0 = Debug|Any CPU
		{3E73424B-6274-4CFF-AF9F-80D5223571B3}.Release|Any CPU.ActiveCfg = Release|Any CPU
		{3E73424B-6274-4CFF-AF9F-80D5223571B3}.Release|Any CPU.Build.0 = Release|Any CPU
		{3E73424B-6274-4CFF-AF9F-80D5223571B3}.Release|Any CPU.Deploy.0 = Release|Any CPU
		{3E73424B-6274-4CFF-AF9F-80D5223571B3}.Release|ARM.ActiveCfg = Release|Any CPU
		{3E73424B-6274-4CFF-AF9F-80D5223571B3}.Release|ARM.Build.0 = Release|Any CPU
		{3E73424B-6274-4CFF-AF9F-80D5223571B3}.Release|ARM.Deploy.0 = Release|Any CPU
		{3E73424B-6274-4CFF-AF9F-80D5223571B3}.Release|iPhone.ActiveCfg = Release|Any CPU
		{3E73424B-6274-4CFF-AF9F-80D5223571B3}.Release|iPhone.Build.0 = Release|Any CPU
		{3E73424B-6274-4CFF-AF9F-80D5223571B3}.Release|iPhone.Deploy.0 = Release|Any CPU
		{3E73424B-6274-4CFF-AF9F-80D5223571B3}.Release|iPhoneSimulator.ActiveCfg = Release|Any CPU
		{3E73424B-6274-4CFF-AF9F-80D5223571B3}.Release|iPhoneSimulator.Build.0 = Release|Any CPU
		{3E73424B-6274-4CFF-AF9F-80D5223571B3}.Release|iPhoneSimulator.Deploy.0 = Release|Any CPU
		{3E73424B-6274-4CFF-AF9F-80D5223571B3}.Release|x64.ActiveCfg = Release|Any CPU
		{3E73424B-6274-4CFF-AF9F-80D5223571B3}.Release|x64.Build.0 = Release|Any CPU
		{3E73424B-6274-4CFF-AF9F-80D5223571B3}.Release|x64.Deploy.0 = Release|Any CPU
		{3E73424B-6274-4CFF-AF9F-80D5223571B3}.Release|x86.ActiveCfg = Release|Any CPU
		{3E73424B-6274-4CFF-AF9F-80D5223571B3}.Release|x86.Build.0 = Release|Any CPU
		{3E73424B-6274-4CFF-AF9F-80D5223571B3}.Release|x86.Deploy.0 = Release|Any CPU
		{7571244A-E63D-439F-A431-B3EA66C3280D}.Debug|Any CPU.ActiveCfg = Debug|iPhoneSimulator
		{7571244A-E63D-439F-A431-B3EA66C3280D}.Debug|Any CPU.Build.0 = Debug|iPhoneSimulator
		{7571244A-E63D-439F-A431-B3EA66C3280D}.Debug|Any CPU.Deploy.0 = Debug|iPhoneSimulator
		{7571244A-E63D-439F-A431-B3EA66C3280D}.Debug|ARM.ActiveCfg = Debug|iPhone
		{7571244A-E63D-439F-A431-B3EA66C3280D}.Debug|ARM.Build.0 = Debug|iPhone
		{7571244A-E63D-439F-A431-B3EA66C3280D}.Debug|ARM.Deploy.0 = Debug|iPhone
		{7571244A-E63D-439F-A431-B3EA66C3280D}.Debug|iPhone.ActiveCfg = Debug|iPhone
		{7571244A-E63D-439F-A431-B3EA66C3280D}.Debug|iPhone.Build.0 = Debug|iPhone
		{7571244A-E63D-439F-A431-B3EA66C3280D}.Debug|iPhone.Deploy.0 = Debug|iPhone
		{7571244A-E63D-439F-A431-B3EA66C3280D}.Debug|iPhoneSimulator.ActiveCfg = Debug|iPhoneSimulator
		{7571244A-E63D-439F-A431-B3EA66C3280D}.Debug|iPhoneSimulator.Build.0 = Debug|iPhoneSimulator
		{7571244A-E63D-439F-A431-B3EA66C3280D}.Debug|iPhoneSimulator.Deploy.0 = Debug|iPhoneSimulator
		{7571244A-E63D-439F-A431-B3EA66C3280D}.Debug|x64.ActiveCfg = Debug|iPhoneSimulator
		{7571244A-E63D-439F-A431-B3EA66C3280D}.Debug|x64.Build.0 = Debug|iPhoneSimulator
		{7571244A-E63D-439F-A431-B3EA66C3280D}.Debug|x64.Deploy.0 = Debug|iPhoneSimulator
		{7571244A-E63D-439F-A431-B3EA66C3280D}.Debug|x86.ActiveCfg = Debug|iPhoneSimulator
		{7571244A-E63D-439F-A431-B3EA66C3280D}.Debug|x86.Build.0 = Debug|iPhoneSimulator
		{7571244A-E63D-439F-A431-B3EA66C3280D}.Debug|x86.Deploy.0 = Debug|iPhoneSimulator
		{7571244A-E63D-439F-A431-B3EA66C3280D}.Release|Any CPU.ActiveCfg = Release|iPhoneSimulator
		{7571244A-E63D-439F-A431-B3EA66C3280D}.Release|Any CPU.Build.0 = Release|iPhoneSimulator
		{7571244A-E63D-439F-A431-B3EA66C3280D}.Release|Any CPU.Deploy.0 = Release|iPhoneSimulator
		{7571244A-E63D-439F-A431-B3EA66C3280D}.Release|ARM.ActiveCfg = Release|iPhoneSimulator
		{7571244A-E63D-439F-A431-B3EA66C3280D}.Release|ARM.Build.0 = Release|iPhoneSimulator
		{7571244A-E63D-439F-A431-B3EA66C3280D}.Release|ARM.Deploy.0 = Release|iPhoneSimulator
		{7571244A-E63D-439F-A431-B3EA66C3280D}.Release|iPhone.ActiveCfg = Release|iPhone
		{7571244A-E63D-439F-A431-B3EA66C3280D}.Release|iPhone.Build.0 = Release|iPhone
		{7571244A-E63D-439F-A431-B3EA66C3280D}.Release|iPhone.Deploy.0 = Release|iPhone
		{7571244A-E63D-439F-A431-B3EA66C3280D}.Release|iPhoneSimulator.ActiveCfg = Release|iPhoneSimulator
		{7571244A-E63D-439F-A431-B3EA66C3280D}.Release|iPhoneSimulator.Build.0 = Release|iPhoneSimulator
		{7571244A-E63D-439F-A431-B3EA66C3280D}.Release|iPhoneSimulator.Deploy.0 = Release|iPhoneSimulator
		{7571244A-E63D-439F-A431-B3EA66C3280D}.Release|x64.ActiveCfg = Release|iPhoneSimulator
		{7571244A-E63D-439F-A431-B3EA66C3280D}.Release|x64.Build.0 = Release|iPhoneSimulator
		{7571244A-E63D-439F-A431-B3EA66C3280D}.Release|x64.Deploy.0 = Release|iPhoneSimulator
		{7571244A-E63D-439F-A431-B3EA66C3280D}.Release|x86.ActiveCfg = Release|iPhoneSimulator
		{7571244A-E63D-439F-A431-B3EA66C3280D}.Release|x86.Build.0 = Release|iPhoneSimulator
		{7571244A-E63D-439F-A431-B3EA66C3280D}.Release|x86.Deploy.0 = Release|iPhoneSimulator
		{A0E51900-8204-4700-A613-A8089DE5DFBB}.Debug|Any CPU.ActiveCfg = Debug|Any CPU
		{A0E51900-8204-4700-A613-A8089DE5DFBB}.Debug|Any CPU.Build.0 = Debug|Any CPU
		{A0E51900-8204-4700-A613-A8089DE5DFBB}.Debug|Any CPU.Deploy.0 = Debug|Any CPU
		{A0E51900-8204-4700-A613-A8089DE5DFBB}.Debug|ARM.ActiveCfg = Debug|Any CPU
		{A0E51900-8204-4700-A613-A8089DE5DFBB}.Debug|ARM.Build.0 = Debug|Any CPU
		{A0E51900-8204-4700-A613-A8089DE5DFBB}.Debug|ARM.Deploy.0 = Debug|Any CPU
		{A0E51900-8204-4700-A613-A8089DE5DFBB}.Debug|iPhone.ActiveCfg = Debug|Any CPU
		{A0E51900-8204-4700-A613-A8089DE5DFBB}.Debug|iPhone.Build.0 = Debug|Any CPU
		{A0E51900-8204-4700-A613-A8089DE5DFBB}.Debug|iPhone.Deploy.0 = Debug|Any CPU
		{A0E51900-8204-4700-A613-A8089DE5DFBB}.Debug|iPhoneSimulator.ActiveCfg = Debug|Any CPU
		{A0E51900-8204-4700-A613-A8089DE5DFBB}.Debug|iPhoneSimulator.Build.0 = Debug|Any CPU
		{A0E51900-8204-4700-A613-A8089DE5DFBB}.Debug|iPhoneSimulator.Deploy.0 = Debug|Any CPU
		{A0E51900-8204-4700-A613-A8089DE5DFBB}.Debug|x64.ActiveCfg = Debug|Any CPU
		{A0E51900-8204-4700-A613-A8089DE5DFBB}.Debug|x64.Build.0 = Debug|Any CPU
		{A0E51900-8204-4700-A613-A8089DE5DFBB}.Debug|x64.Deploy.0 = Debug|Any CPU
		{A0E51900-8204-4700-A613-A8089DE5DFBB}.Debug|x86.ActiveCfg = Debug|Any CPU
		{A0E51900-8204-4700-A613-A8089DE5DFBB}.Debug|x86.Build.0 = Debug|Any CPU
		{A0E51900-8204-4700-A613-A8089DE5DFBB}.Debug|x86.Deploy.0 = Debug|Any CPU
		{A0E51900-8204-4700-A613-A8089DE5DFBB}.Release|Any CPU.ActiveCfg = Release|Any CPU
		{A0E51900-8204-4700-A613-A8089DE5DFBB}.Release|Any CPU.Build.0 = Release|Any CPU
		{A0E51900-8204-4700-A613-A8089DE5DFBB}.Release|Any CPU.Deploy.0 = Release|Any CPU
		{A0E51900-8204-4700-A613-A8089DE5DFBB}.Release|ARM.ActiveCfg = Release|Any CPU
		{A0E51900-8204-4700-A613-A8089DE5DFBB}.Release|ARM.Build.0 = Release|Any CPU
		{A0E51900-8204-4700-A613-A8089DE5DFBB}.Release|ARM.Deploy.0 = Release|Any CPU
		{A0E51900-8204-4700-A613-A8089DE5DFBB}.Release|iPhone.ActiveCfg = Release|Any CPU
		{A0E51900-8204-4700-A613-A8089DE5DFBB}.Release|iPhone.Build.0 = Release|Any CPU
		{A0E51900-8204-4700-A613-A8089DE5DFBB}.Release|iPhone.Deploy.0 = Release|Any CPU
		{A0E51900-8204-4700-A613-A8089DE5DFBB}.Release|iPhoneSimulator.ActiveCfg = Release|Any CPU
		{A0E51900-8204-4700-A613-A8089DE5DFBB}.Release|iPhoneSimulator.Build.0 = Release|Any CPU
		{A0E51900-8204-4700-A613-A8089DE5DFBB}.Release|iPhoneSimulator.Deploy.0 = Release|Any CPU
		{A0E51900-8204-4700-A613-A8089DE5DFBB}.Release|x64.ActiveCfg = Release|Any CPU
		{A0E51900-8204-4700-A613-A8089DE5DFBB}.Release|x64.Build.0 = Release|Any CPU
		{A0E51900-8204-4700-A613-A8089DE5DFBB}.Release|x64.Deploy.0 = Release|Any CPU
		{A0E51900-8204-4700-A613-A8089DE5DFBB}.Release|x86.ActiveCfg = Release|Any CPU
		{A0E51900-8204-4700-A613-A8089DE5DFBB}.Release|x86.Build.0 = Release|Any CPU
		{A0E51900-8204-4700-A613-A8089DE5DFBB}.Release|x86.Deploy.0 = Release|Any CPU
	EndGlobalSection
	GlobalSection(SolutionProperties) = preSolution
		HideSolutionNode = FALSE
	EndGlobalSection
	GlobalSection(ExtensibilityGlobals) = postSolution
		SolutionGuid = {3788A29B-64A4-4DE4-817A-AD2E244A693D}
	EndGlobalSection
EndGlobal
